
Microsoft Visual Studio Solution File, Format Version 12.00
# Visual Studio Version 17
VisualStudioVersion = 17.5.33530.505
MinimumVisualStudioVersion = 10.0.40219.1
Project("{FAE04EC0-301F-11D3-BF4B-00C04F79EFBC}") = "SuitCase_FINAL", "SuitCase_FINAL.csproj", "{BC691999-D0F3-4FF7-B021-E8655ABD451F}"
EndProject
Global
	GlobalSection(SolutionConfigurationPlatforms) = preSolution
		Debug|Any CPU = Debug|Any CPU
		Release|Any CPU = Release|Any CPU
	EndGlobalSection
	GlobalSection(ProjectConfigurationPlatforms) = postSolution
		{BC691999-D0F3-4FF7-B021-E8655ABD451F}.Debug|Any CPU.ActiveCfg = Debug|Any CPU
		{BC691999-D0F3-4FF7-B021-E8655ABD451F}.Debug|Any CPU.Build.0 = Debug|Any CPU
		{BC691999-D0F3-4FF7-B021-E8655ABD451F}.Release|Any CPU.ActiveCfg = Release|Any CPU
		{BC691999-D0F3-4FF7-B021-E8655ABD451F}.Release|Any CPU.Build.0 = Release|Any CPU
	EndGlobalSection
	GlobalSection(SolutionProperties) = preSolution
		HideSolutionNode = FALSE
	EndGlobalSection
	GlobalSection(ExtensibilityGlobals) = postSolution
		SolutionGuid = {B3F8BAC3-78D6-4685-9641-E6B2207E5424}
	EndGlobalSection
EndGlobal
